
Microsoft Visual Studio Solution File, Format Version 12.00
# Visual Studio Express 14 for Windows Desktop
VisualStudioVersion = 14.0.25420.1
MinimumVisualStudioVersion = 10.0.40219.1
Project("{FAE04EC0-301F-11D3-BF4B-00C04F79EFBC}") = "WatcherService", "WatcherService\WatcherService.csproj", "{3C915BC9-1285-455F-8360-896B0C8C2EA9}"
EndProject
Project("{FAE04EC0-301F-11D3-BF4B-00C04F79EFBC}") = "WatcherService.Common", "WatcherService.Common\WatcherService.Common.csproj", "{A2EE5094-954B-418C-B242-862A2EA0210E}"
EndProject
Project("{FAE04EC0-301F-11D3-BF4B-00C04F79EFBC}") = "WatcherServiceManager", "WatcherServiceManager\WatcherServiceManager.csproj", "{55E7520F-6CA7-44FA-9286-3DCBCB5A4563}"
EndProject
Global
	GlobalSection(SolutionConfigurationPlatforms) = preSolution
		Debug|Any CPU = Debug|Any CPU
		Release|Any CPU = Release|Any CPU
	EndGlobalSection
	GlobalSection(ProjectConfigurationPlatforms) = postSolution
		{3C915BC9-1285-455F-8360-896B0C8C2EA9}.Debug|Any CPU.ActiveCfg = Debug|Any CPU
		{3C915BC9-1285-455F-8360-896B0C8C2EA9}.Debug|Any CPU.Build.0 = Debug|Any CPU
		{3C915BC9-1285-455F-8360-896B0C8C2EA9}.Release|Any CPU.ActiveCfg = Release|Any CPU
		{3C915BC9-1285-455F-8360-896B0C8C2EA9}.Release|Any CPU.Build.0 = Release|Any CPU
		{A2EE5094-954B-418C-B242-862A2EA0210E}.Debug|Any CPU.ActiveCfg = Debug|Any CPU
		{A2EE5094-954B-418C-B242-862A2EA0210E}.Debug|Any CPU.Build.0 = Debug|Any CPU
		{A2EE5094-954B-418C-B242-862A2EA0210E}.Release|Any CPU.ActiveCfg = Release|Any CPU
		{A2EE5094-954B-418C-B242-862A2EA0210E}.Release|Any CPU.Build.0 = Release|Any CPU
		{55E7520F-6CA7-44FA-9286-3DCBCB5A4563}.Debug|Any CPU.ActiveCfg = Debug|Any CPU
		{55E7520F-6CA7-44FA-9286-3DCBCB5A4563}.Debug|Any CPU.Build.0 = Debug|Any CPU
		{55E7520F-6CA7-44FA-9286-3DCBCB5A4563}.Release|Any CPU.ActiveCfg = Release|Any CPU
		{55E7520F-6CA7-44FA-9286-3DCBCB5A4563}.Release|Any CPU.Build.0 = Release|Any CPU
	EndGlobalSection
	GlobalSection(SolutionProperties) = preSolution
		HideSolutionNode = FALSE
	EndGlobalSection
EndGlobal
